// !$*UTF8*$!
{
	archiveVersion = 1;
	classes = {
	};
	objectVersion = 46;
	objects = {

/* Begin PBXBuildFile section */
		6244400D1CCFC20C00D2DC67 /* AppDelegate.swift in Sources */ = {isa = PBXBuildFile; fileRef = 6244400C1CCFC20C00D2DC67 /* AppDelegate.swift */; };
		6244400F1CCFC20C00D2DC67 /* ViewController.swift in Sources */ = {isa = PBXBuildFile; fileRef = 6244400E1CCFC20C00D2DC67 /* ViewController.swift */; };
		624440121CCFC20C00D2DC67 /* Main.storyboard in Resources */ = {isa = PBXBuildFile; fileRef = 624440101CCFC20C00D2DC67 /* Main.storyboard */; };
		624440141CCFC20C00D2DC67 /* Assets.xcassets in Resources */ = {isa = PBXBuildFile; fileRef = 624440131CCFC20C00D2DC67 /* Assets.xcassets */; };
		624440171CCFC20C00D2DC67 /* LaunchScreen.storyboard in Resources */ = {isa = PBXBuildFile; fileRef = 624440151CCFC20C00D2DC67 /* LaunchScreen.storyboard */; };
/* End PBXBuildFile section */

/* Begin PBXFileReference section */
		624440091CCFC20C00D2DC67 /* TMDT-SV3-37.app */ = {isa = PBXFileReference; explicitFileType = wrapper.application; includeInIndex = 0; path = "TMDT-SV3-37.app"; sourceTree = BUILT_PRODUCTS_DIR; };
		6244400C1CCFC20C00D2DC67 /* AppDelegate.swift */ = {isa = PBXFileReference; lastKnownFileType = sourcecode.swift; path = AppDelegate.swift; sourceTree = "<group>"; };
		6244400E1CCFC20C00D2DC67 /* ViewController.swift */ = {isa = PBXFileReference; lastKnownFileType = sourcecode.swift; path = ViewController.swift; sourceTree = "<group>"; };
		624440111CCFC20C00D2DC67 /* Base */ = {isa = PBXFileReference; lastKnownFileType = file.storyboard; name = Base; path = Base.lproj/Main.storyboard; sourceTree = "<group>"; };
		624440131CCFC20C00D2DC67 /* Assets.xcassets */ = {isa = PBXFileReference; lastKnownFileType = folder.assetcatalog; path = Assets.xcassets; sourceTree = "<group>"; };
		624440161CCFC20C00D2DC67 /* Base */ = {isa = PBXFileReference; lastKnownFileType = file.storyboard; name = Base; path = Base.lproj/LaunchScreen.storyboard; sourceTree = "<group>"; };
		624440181CCFC20C00D2DC67 /* Info.plist */ = {isa = PBXFileReference; lastKnownFileType = text.plist.xml; path = Info.plist; sourceTree = "<group>"; };
/* End PBXFileReference section */

/* Begin PBXFrameworksBuildPhase section */
		624440061CCFC20C00D2DC67 /* Frameworks */ = {
			isa = PBXFrameworksBuildPhase;
			buildActionMask = 2147483647;
			files = (
			);
			runOnlyForDeploymentPostprocessing = 0;
		};
/* End PBXFrameworksBuildPhase section */

/* Begin PBXGroup section */
		624440001CCFC20C00D2DC67 = {
			isa = PBXGroup;
			children = (
				6244400B1CCFC20C00D2DC67 /* TMDT-SV3-37 */,
				6244400A1CCFC20C00D2DC67 /* Products */,
			);
			sourceTree = "<group>";
		};
		6244400A1CCFC20C00D2DC67 /* Products */ = {
			isa = PBXGroup;
			children = (
				624440091CCFC20C00D2DC67 /* TMDT-SV3-37.app */,
			);
			name = Products;
			sourceTree = "<group>";
		};
		6244400B1CCFC20C00D2DC67 /* TMDT-SV3-37 */ = {
			isa = PBXGroup;
			children = (
				6244400C1CCFC20C00D2DC67 /* AppDelegate.swift */,
				6244400E1CCFC20C00D2DC67 /* ViewController.swift */,
				624440101CCFC20C00D2DC67 /* Main.storyboard */,
				624440131CCFC20C00D2DC67 /* Assets.xcassets */,
				624440151CCFC20C00D2DC67 /* LaunchScreen.storyboard */,
				624440181CCFC20C00D2DC67 /* Info.plist */,
			);
			path = "TMDT-SV3-37";
			sourceTree = "<group>";
		};
/* End PBXGroup section */

/* Begin PBXNativeTarget section */
		624440081CCFC20C00D2DC67 /* TMDT-SV3-37 */ = {
			isa = PBXNativeTarget;
			buildConfigurationList = 6244401B1CCFC20C00D2DC67 /* Build configuration list for PBXNativeTarget "TMDT-SV3-37" */;
			buildPhases = (
				624440051CCFC20C00D2DC67 /* Sources */,
				624440061CCFC20C00D2DC67 /* Frameworks */,
				624440071CCFC20C00D2DC67 /* Resources */,
			);
			buildRules = (
			);
			dependencies = (
			);
			name = "TMDT-SV3-37";
			productName = "TMDT-SV3-37";
			productReference = 624440091CCFC20C00D2DC67 /* TMDT-SV3-37.app */;
			productType = "com.apple.product-type.application";
		};
/* End PBXNativeTarget section */

/* Begin PBXProject section */
		624440011CCFC20C00D2DC67 /* Project object */ = {
			isa = PBXProject;
			attributes = {
				LastSwiftUpdateCheck = 0730;
				LastUpgradeCheck = 0730;
				ORGANIZATIONNAME = com.phucng;
				TargetAttributes = {
					624440081CCFC20C00D2DC67 = {
						CreatedOnToolsVersion = 7.3;
						DevelopmentTeam = 3X8QMJ2C7H;
					};
				};
			};
			buildConfigurationList = 624440041CCFC20C00D2DC67 /* Build configuration list for PBXProject "TMDT-SV3-37" */;
			compatibilityVersion = "Xcode 3.2";
			developmentRegion = English;
			hasScannedForEncodings = 0;
			knownRegions = (
				en,
				Base,
			);
			mainGroup = 624440001CCFC20C00D2DC67;
			productRefGroup = 6244400A1CCFC20C00D2DC67 /* Products */;
			projectDirPath = "";
			projectRoot = "";
			targets = (
				624440081CCFC20C00D2DC67 /* TMDT-SV3-37 */,
			);
		};
/* End PBXProject section */

/* Begin PBXResourcesBuildPhase section */
		624440071CCFC20C00D2DC67 /* Resources */ = {
			isa = PBXResourcesBuildPhase;
			buildActionMask = 2147483647;
			files = (
				624440171CCFC20C00D2DC67 /* LaunchScreen.storyboard in Resources */,
				624440141CCFC20C00D2DC67 /* Assets.xcassets in Resources */,
				624440121CCFC20C00D2DC67 /* Main.storyboard in Resources */,
			);
			runOnlyForDeploymentPostprocessing = 0;
		};
/* End PBXResourcesBuildPhase section */

/* Begin PBXSourcesBuildPhase section */
		624440051CCFC20C00D2DC67 /* Sources */ = {
			isa = PBXSourcesBuildPhase;
			buildActionMask = 2147483647;
			files = (
				6244400F1CCFC20C00D2DC67 /* ViewController.swift in Sources */,
				6244400D1CCFC20C00D2DC67 /* AppDelegate.swift in Sources */,
			);
			runOnlyForDeploymentPostprocessing = 0;
		};
/* End PBXSourcesBuildPhase section */

/* Begin PBXVariantGroup section */
		624440101CCFC20C00D2DC67 /* Main.storyboard */ = {
			isa = PBXVariantGroup;
			children = (
				624440111CCFC20C00D2DC67 /* Base */,
			);
			name = Main.storyboard;
			sourceTree = "<group>";
		};
		624440151CCFC20C00D2DC67 /* LaunchScreen.storyboard */ = {
			isa = PBXVariantGroup;
			children = (
				624440161CCFC20C00D2DC67 /* Base */,
			);
			name = LaunchScreen.storyboard;
			sourceTree = "<group>";
		};
/* End PBXVariantGroup section */

/* Begin XCBuildConfiguration section */
		624440191CCFC20C00D2DC67 /* Debug */ = {
			isa = XCBuildConfiguration;
			buildSettings = {
				ALWAYS_SEARCH_USER_PATHS = NO;
				CLANG_ANALYZER_NONNULL = YES;
				CLANG_CXX_LANGUAGE_STANDARD = "gnu++0x";
				CLANG_CXX_LIBRARY = "libc++";
				CLANG_ENABLE_MODULES = YES;
				CLANG_ENABLE_OBJC_ARC = YES;
				CLANG_WARN_BOOL_CONVERSION = YES;
				CLANG_WARN_CONSTANT_CONVERSION = YES;
				CLANG_WARN_DIRECT_OBJC_ISA_USAGE = YES_ERROR;
				CLANG_WARN_EMPTY_BODY = YES;
				CLANG_WARN_ENUM_CONVERSION = YES;
				CLANG_WARN_INT_CONVERSION = YES;
				CLANG_WARN_OBJC_ROOT_CLASS = YES_ERROR;
				CLANG_WARN_UNREACHABLE_CODE = YES;
				CLANG_WARN__DUPLICATE_METHOD_MATCH = YES;
				"CODE_SIGN_IDENTITY[sdk=iphoneos*]" = "iPhone Developer";
				COPY_PHASE_STRIP = NO;
				DEBUG_INFORMATION_FORMAT = dwarf;
				ENABLE_STRICT_OBJC_MSGSEND = YES;
				ENABLE_TESTABILITY = YES;
				GCC_C_LANGUAGE_STANDARD = gnu99;
				GCC_DYNAMIC_NO_PIC = NO;
				GCC_NO_COMMON_BLOCKS = YES;
				GCC_OPTIMIZATION_LEVEL = 0;
				GCC_PREPROCESSOR_DEFINITIONS = (
					"DEBUG=1",
					"$(inherited)",
				);
				GCC_WARN_64_TO_32_BIT_CONVERSION = YES;
				GCC_WARN_ABOUT_RETURN_TYPE = YES_ERROR;
				GCC_WARN_UNDECLARED_SELECTOR = YES;
				GCC_WARN_UNINITIALIZED_AUTOS = YES_AGGRESSIVE;
				GCC_WARN_UNUSED_FUNCTION = YES;
				GCC_WARN_UNUSED_VARIABLE = YES;
				IPHONEOS_DEPLOYMENT_TARGET = 9.3;
				MTL_ENABLE_DEBUG_INFO = YES;
				ONLY_ACTIVE_ARCH = YES;
				SDKROOT = iphoneos;
				SWIFT_OPTIMIZATION_LEVEL = "-Onone";
			};
			name = Debug;
		};
		6244401A1CCFC20C00D2DC67 /* Release */ = {
			isa = XCBuildConfiguration;
			buildSettings = {
				ALWAYS_SEARCH_USER_PATHS = NO;
				CLANG_ANALYZER_NONNULL = YES;
				CLANG_CXX_LANGUAGE_STANDARD = "gnu++0x";
				CLANG_CXX_LIBRARY = "libc++";
				CLANG_ENABLE_MODULES = YES;
				CLANG_ENABLE_OBJC_ARC = YES;
				CLANG_WARN_BOOL_CONVERSION = YES;
				CLANG_WARN_CONSTANT_CONVERSION = YES;
				CLANG_WARN_DIRECT_OBJC_ISA_USAGE = YES_ERROR;
				CLANG_WARN_EMPTY_BODY = YES;
				CLANG_WARN_ENUM_CONVERSION = YES;
				CLANG_WARN_INT_CONVERSION = YES;
				CLANG_WARN_OBJC_ROOT_CLASS = YES_ERROR;
				CLANG_WARN_UNREACHABLE_CODE = YES;
				CLANG_WARN__DUPLICATE_METHOD_MATCH = YES;
				"CODE_SIGN_IDENTITY[sdk=iphoneos*]" = "iPhone Developer";
				COPY_PHASE_STRIP = NO;
				DEBUG_INFORMATION_FORMAT = "dwarf-with-dsym";
				ENABLE_NS_ASSERTIONS = NO;
				ENABLE_STRICT_OBJC_MSGSEND = YES;
				GCC_C_LANGUAGE_STANDARD = gnu99;
				GCC_NO_COMMON_BLOCKS = YES;
				GCC_WARN_64_TO_32_BIT_CONVERSION = YES;
				GCC_WARN_ABOUT_RETURN_TYPE = YES_ERROR;
				GCC_WARN_UNDECLARED_SELECTOR = YES;
				GCC_WARN_UNINITIALIZED_AUTOS = YES_AGGRESSIVE;
				GCC_WARN_UNUSED_FUNCTION = YES;
				GCC_WARN_UNUSED_VARIABLE = YES;
				IPHONEOS_DEPLOYMENT_TARGET = 9.3;
				MTL_ENABLE_DEBUG_INFO = NO;
				SDKROOT = iphoneos;
				VALIDATE_PRODUCT = YES;
			};
			name = Release;
		};
		6244401C1CCFC20C00D2DC67 /* Debug */ = {
			isa = XCBuildConfiguration;
			buildSettings = {
				ASSETCATALOG_COMPILER_APPICON_NAME = AppIcon;
				INFOPLIST_FILE = "TMDT-SV3-37/Info.plist";
				LD_RUNPATH_SEARCH_PATHS = "$(inherited) @executable_path/Frameworks";
				PRODUCT_BUNDLE_IDENTIFIER = "com.phucng.TMDT-SV3-37";
				PRODUCT_NAME = "$(TARGET_NAME)";
			};
			name = Debug;
		};
		6244401D1CCFC20C00D2DC67 /* Release */ = {
			isa = XCBuildConfiguration;
			buildSettings = {
				ASSETCATALOG_COMPILER_APPICON_NAME = AppIcon;
				INFOPLIST_FILE = "TMDT-SV3-37/Info.plist";
				LD_RUNPATH_SEARCH_PATHS = "$(inherited) @executable_path/Frameworks";
				PRODUCT_BUNDLE_IDENTIFIER = "com.phucng.TMDT-SV3-37";
				PRODUCT_NAME = "$(TARGET_NAME)";
			};
			name = Release;
		};
/* End XCBuildConfiguration section */

/* Begin XCConfigurationList section */
		624440041CCFC20C00D2DC67 /* Build configuration list for PBXProject "TMDT-SV3-37" */ = {
			isa = XCConfigurationList;
			buildConfigurations = (
				624440191CCFC20C00D2DC67 /* Debug */,
				6244401A1CCFC20C00D2DC67 /* Release */,
			);
			defaultConfigurationIsVisible = 0;
			defaultConfigurationName = Release;
		};
		6244401B1CCFC20C00D2DC67 /* Build configuration list for PBXNativeTarget "TMDT-SV3-37" */ = {
			isa = XCConfigurationList;
			buildConfigurations = (
				6244401C1CCFC20C00D2DC67 /* Debug */,
				6244401D1CCFC20C00D2DC67 /* Release */,
			);
			defaultConfigurationIsVisible = 0;
		};
/* End XCConfigurationList section */
	};
	rootObject = 624440011CCFC20C00D2DC67 /* Project object */;
}
